{
  "name": "telebot-vercel-template",
  "version": "1.0.2",
  "lockfileVersion": 2,
  "requires": true,
  "packages": {
    "": {
      "name": "telebot-vercel-template",
      "version": "1.0.2",
      "dependencies": {
        "telebot": "npm:@ponomarevlad/telebot@1.4.1-edge.1",
        "telebot-vercel": "0.0.8"
      }
    },
    "node_modules/telebot": {
      "name": "@ponomarevlad/telebot",
      "version": "1.4.1-edge.1",
      "resolved": "https://registry.npmjs.org/@ponomarevlad/telebot/-/telebot-1.4.1-edge.1.tgz",
      "integrity": "sha512-3+A8kO+IclTwedxFwtUbif/DfdFbZAEnB3RBJ+kFOanMQBzfdPqS0Nj2ocxu97PWJxhe4qy3My5pa2zc9bgw5w==",
      "engines": {
        "node": ">= 18.0.0"
      }
    },
    "node_modules/telebot-vercel": {
      "version": "0.0.8",
      "resolved": "https://registry.npmjs.org/telebot-vercel/-/telebot-vercel-0.0.8.tgz",
      "integrity": "sha512-E6bhOG1+xEZzHsi72PddBS6N3riuWlFQEEZitmMSgxqh+X3PrTyUMoK1xR9eq5s1h+RUlEcGcG3PfSEZ0ew2xQ==",
      "engines": {
        "node": "^18.0.0"
      }
    }
  },
  "dependencies": {
    "telebot": {
      "version": "npm:@ponomarevlad/telebot@1.4.1-edge.1",
      "resolved": "https://registry.npmjs.org/@ponomarevlad/telebot/-/telebot-1.4.1-edge.1.tgz",
      "integrity": "sha512-3+A8kO+IclTwedxFwtUbif/DfdFbZAEnB3RBJ+kFOanMQBzfdPqS0Nj2ocxu97PWJxhe4qy3My5pa2zc9bgw5w=="
    },
    "telebot-vercel": {
      "version": "0.0.8",
      "resolved": "https://registry.npmjs.org/telebot-vercel/-/telebot-vercel-0.0.8.tgz",
      "integrity": "sha512-E6bhOG1+xEZzHsi72PddBS6N3riuWlFQEEZitmMSgxqh+X3PrTyUMoK1xR9eq5s1h+RUlEcGcG3PfSEZ0ew2xQ=="
    }
  }
}
